
Microsoft Visual Studio Solution File, Format Version 12.00
# Visual Studio Version 17
VisualStudioVersion = 17.0.31903.59
MinimumVisualStudioVersion = 10.0.40219.1
Project("{FAE04EC0-301F-11D3-BF4B-00C04F79EFBC}") = "SshScp.Test", "SshScp.Test\SshScp.Test.csproj", "{2D36418C-88DB-48B5-91AF-F8161FDF5C89}"
EndProject
Project("{FAE04EC0-301F-11D3-BF4B-00C04F79EFBC}") = "SshScp", "SshScp\SshScp.csproj", "{0DA4786C-7A9B-4FDA-87D4-2A4A0C147A4D}"
EndProject
Project("{2150E333-8FDC-42A3-9474-1A3956D46DE8}") = "sample", "sample", "{3FDE3ACA-CD7D-4F68-8096-3693BFE584D9}"
EndProject
Project("{FAE04EC0-301F-11D3-BF4B-00C04F79EFBC}") = "SshScp.Sample", "sample\SshScp.Sample\SshScp.Sample.csproj", "{63280300-EAF9-4C38-8C79-752EF2B1B204}"
EndProject
Global
	GlobalSection(SolutionConfigurationPlatforms) = preSolution
		Debug|Any CPU = Debug|Any CPU
		Release|Any CPU = Release|Any CPU
	EndGlobalSection
	GlobalSection(SolutionProperties) = preSolution
		HideSolutionNode = FALSE
	EndGlobalSection
	GlobalSection(ProjectConfigurationPlatforms) = postSolution
		{2D36418C-88DB-48B5-91AF-F8161FDF5C89}.Debug|Any CPU.ActiveCfg = Debug|Any CPU
		{2D36418C-88DB-48B5-91AF-F8161FDF5C89}.Debug|Any CPU.Build.0 = Debug|Any CPU
		{2D36418C-88DB-48B5-91AF-F8161FDF5C89}.Release|Any CPU.ActiveCfg = Release|Any CPU
		{2D36418C-88DB-48B5-91AF-F8161FDF5C89}.Release|Any CPU.Build.0 = Release|Any CPU
		{0DA4786C-7A9B-4FDA-87D4-2A4A0C147A4D}.Debug|Any CPU.ActiveCfg = Debug|Any CPU
		{0DA4786C-7A9B-4FDA-87D4-2A4A0C147A4D}.Debug|Any CPU.Build.0 = Debug|Any CPU
		{0DA4786C-7A9B-4FDA-87D4-2A4A0C147A4D}.Release|Any CPU.ActiveCfg = Release|Any CPU
		{0DA4786C-7A9B-4FDA-87D4-2A4A0C147A4D}.Release|Any CPU.Build.0 = Release|Any CPU
		{63280300-EAF9-4C38-8C79-752EF2B1B204}.Debug|Any CPU.ActiveCfg = Debug|Any CPU
		{63280300-EAF9-4C38-8C79-752EF2B1B204}.Debug|Any CPU.Build.0 = Debug|Any CPU
		{63280300-EAF9-4C38-8C79-752EF2B1B204}.Release|Any CPU.ActiveCfg = Release|Any CPU
		{63280300-EAF9-4C38-8C79-752EF2B1B204}.Release|Any CPU.Build.0 = Release|Any CPU
	EndGlobalSection
	GlobalSection(NestedProjects) = preSolution
		{63280300-EAF9-4C38-8C79-752EF2B1B204} = {3FDE3ACA-CD7D-4F68-8096-3693BFE584D9}
	EndGlobalSection
EndGlobal
